
Microsoft Visual Studio Solution File, Format Version 12.00
# Visual Studio 15
VisualStudioVersion = 15.0.28307.902
MinimumVisualStudioVersion = 10.0.40219.1
Project("{8BC9CEB8-8B4A-11D0-8D11-00A0C91BC942}") = "Algo", "Algo\Algo.vcxproj", "{95C89F3C-ADD7-4C37-89CC-44B25F722236}"
EndProject
Global
	GlobalSection(SolutionConfigurationPlatforms) = preSolution
		Debug|x64 = Debug|x64
		Debug|x86 = Debug|x86
		Release|x64 = Release|x64
		Release|x86 = Release|x86
	EndGlobalSection
	GlobalSection(ProjectConfigurationPlatforms) = postSolution
		{95C89F3C-ADD7-4C37-89CC-44B25F722236}.Debug|x64.ActiveCfg = Debug|x64
		{95C89F3C-ADD7-4C37-89CC-44B25F722236}.Debug|x64.Build.0 = Debug|x64
		{95C89F3C-ADD7-4C37-89CC-44B25F722236}.Debug|x86.ActiveCfg = Debug|Win32
		{95C89F3C-ADD7-4C37-89CC-44B25F722236}.Debug|x86.Build.0 = Debug|Win32
		{95C89F3C-ADD7-4C37-89CC-44B25F722236}.Release|x64.ActiveCfg = Release|x64
		{95C89F3C-ADD7-4C37-89CC-44B25F722236}.Release|x64.Build.0 = Release|x64
		{95C89F3C-ADD7-4C37-89CC-44B25F722236}.Release|x86.ActiveCfg = Release|Win32
		{95C89F3C-ADD7-4C37-89CC-44B25F722236}.Release|x86.Build.0 = Release|Win32
	EndGlobalSection
	GlobalSection(SolutionProperties) = preSolution
		HideSolutionNode = FALSE
	EndGlobalSection
	GlobalSection(ExtensibilityGlobals) = postSolution
		SolutionGuid = {786586E5-F267-4B28-8A9A-3017A0C6D271}
	EndGlobalSection
EndGlobal
